
Microsoft Visual Studio Solution File, Format Version 12.00
# Visual Studio 15
VisualStudioVersion = 15.0.28307.1082
MinimumVisualStudioVersion = 10.0.40219.1
Project("{8BC9CEB8-8B4A-11D0-8D11-00A0C91BC942}") = "VulkanCourseApp", "VulkanCourseApp\VulkanCourseApp.vcxproj", "{56E079D3-CDD3-4A77-B8A7-9849E60C7BDC}"
	ProjectSection(ProjectDependencies) = postProject
		{22A78D26-69AE-4913-9C4F-D42CD1076674} = {22A78D26-69AE-4913-9C4F-D42CD1076674}
	EndProjectSection
EndProject
Project("{8BC9CEB8-8B4A-11D0-8D11-00A0C91BC942}") = "Shaders", "VulkanCourseApp\Shaders\Shaders.vcxproj.vcxproj", "{22A78D26-69AE-4913-9C4F-D42CD1076674}"
EndProject
Global
	GlobalSection(SolutionConfigurationPlatforms) = preSolution
		Debug|x64 = Debug|x64
		Debug|x86 = Debug|x86
		Release|x64 = Release|x64
		Release|x86 = Release|x86
	EndGlobalSection
	GlobalSection(ProjectConfigurationPlatforms) = postSolution
		{56E079D3-CDD3-4A77-B8A7-9849E60C7BDC}.Debug|x64.ActiveCfg = Debug|x64
		{56E079D3-CDD3-4A77-B8A7-9849E60C7BDC}.Debug|x64.Build.0 = Debug|x64
		{56E079D3-CDD3-4A77-B8A7-9849E60C7BDC}.Debug|x86.ActiveCfg = Debug|Win32
		{56E079D3-CDD3-4A77-B8A7-9849E60C7BDC}.Debug|x86.Build.0 = Debug|Win32
		{56E079D3-CDD3-4A77-B8A7-9849E60C7BDC}.Release|x64.ActiveCfg = Release|x64
		{56E079D3-CDD3-4A77-B8A7-9849E60C7BDC}.Release|x64.Build.0 = Release|x64
		{56E079D3-CDD3-4A77-B8A7-9849E60C7BDC}.Release|x86.ActiveCfg = Release|Win32
		{56E079D3-CDD3-4A77-B8A7-9849E60C7BDC}.Release|x86.Build.0 = Release|Win32
		{22A78D26-69AE-4913-9C4F-D42CD1076674}.Debug|x64.ActiveCfg = Debug|x64
		{22A78D26-69AE-4913-9C4F-D42CD1076674}.Debug|x64.Build.0 = Debug|x64
		{22A78D26-69AE-4913-9C4F-D42CD1076674}.Debug|x86.ActiveCfg = Debug|Win32
		{22A78D26-69AE-4913-9C4F-D42CD1076674}.Debug|x86.Build.0 = Debug|Win32
		{22A78D26-69AE-4913-9C4F-D42CD1076674}.Release|x64.ActiveCfg = Release|x64
		{22A78D26-69AE-4913-9C4F-D42CD1076674}.Release|x64.Build.0 = Release|x64
		{22A78D26-69AE-4913-9C4F-D42CD1076674}.Release|x86.ActiveCfg = Release|Win32
		{22A78D26-69AE-4913-9C4F-D42CD1076674}.Release|x86.Build.0 = Release|Win32
	EndGlobalSection
	GlobalSection(SolutionProperties) = preSolution
		HideSolutionNode = FALSE
	EndGlobalSection
	GlobalSection(ExtensibilityGlobals) = postSolution
		SolutionGuid = {71E847CD-0736-427D-A71A-9B853469E7BD}
	EndGlobalSection
EndGlobal
